
Microsoft Visual Studio Solution File, Format Version 12.00
# Visual Studio Version 17
VisualStudioVersion = 17.8.34408.163
MinimumVisualStudioVersion = 10.0.40219.1
Project("{FAE04EC0-301F-11D3-BF4B-00C04F79EFBC}") = "BelajarSplitter7", "BelajarSplitter7\BelajarSplitter7.csproj", "{1162EC84-95B3-42E1-B238-37B72A14D58C}"
EndProject
Global
	GlobalSection(SolutionConfigurationPlatforms) = preSolution
		Debug|Any CPU = Debug|Any CPU
		Release|Any CPU = Release|Any CPU
	EndGlobalSection
	GlobalSection(ProjectConfigurationPlatforms) = postSolution
		{1162EC84-95B3-42E1-B238-37B72A14D58C}.Debug|Any CPU.ActiveCfg = Debug|Any CPU
		{1162EC84-95B3-42E1-B238-37B72A14D58C}.Debug|Any CPU.Build.0 = Debug|Any CPU
		{1162EC84-95B3-42E1-B238-37B72A14D58C}.Release|Any CPU.ActiveCfg = Release|Any CPU
		{1162EC84-95B3-42E1-B238-37B72A14D58C}.Release|Any CPU.Build.0 = Release|Any CPU
	EndGlobalSection
	GlobalSection(SolutionProperties) = preSolution
		HideSolutionNode = FALSE
	EndGlobalSection
	GlobalSection(ExtensibilityGlobals) = postSolution
		SolutionGuid = {2F1E6B4A-D277-49E8-A01A-3324502592A0}
	EndGlobalSection
EndGlobal
